
Microsoft Visual Studio Solution File, Format Version 12.00
# Visual Studio Version 17
VisualStudioVersion = 17.5.002.0
MinimumVisualStudioVersion = 10.0.40219.1
Project("{9A19103F-16F7-4668-BE54-9A1E7A4F7556}") = "urgent-vet-care", "urgent-vet-care.csproj", "{F323A3CF-8637-4BB6-91D4-023B9688F501}"
EndProject
Global
	GlobalSection(SolutionConfigurationPlatforms) = preSolution
		Debug|Any CPU = Debug|Any CPU
		Release|Any CPU = Release|Any CPU
	EndGlobalSection
	GlobalSection(ProjectConfigurationPlatforms) = postSolution
		{F323A3CF-8637-4BB6-91D4-023B9688F501}.Debug|Any CPU.ActiveCfg = Debug|Any CPU
		{F323A3CF-8637-4BB6-91D4-023B9688F501}.Debug|Any CPU.Build.0 = Debug|Any CPU
		{F323A3CF-8637-4BB6-91D4-023B9688F501}.Release|Any CPU.ActiveCfg = Release|Any CPU
		{F323A3CF-8637-4BB6-91D4-023B9688F501}.Release|Any CPU.Build.0 = Release|Any CPU
	EndGlobalSection
	GlobalSection(SolutionProperties) = preSolution
		HideSolutionNode = FALSE
	EndGlobalSection
	GlobalSection(ExtensibilityGlobals) = postSolution
		SolutionGuid = {E2CCBF86-CE36-4DFD-84C1-C82778D1AA02}
	EndGlobalSection
EndGlobal
